// !$*UTF8*$!
{
	archiveVersion = 1;
	classes = {
	};
	objectVersion = 50;
	objects = {

/* Begin PBXBuildFile section */
		761DE283266A0761005D1E8C /* AppDelegate.m in Sources */ = {isa = PBXBuildFile; fileRef = 761DE282266A0761005D1E8C /* AppDelegate.m */; };
		761DE286266A0761005D1E8C /* SceneDelegate.m in Sources */ = {isa = PBXBuildFile; fileRef = 761DE285266A0761005D1E8C /* SceneDelegate.m */; };
		761DE289266A0761005D1E8C /* ViewController.m in Sources */ = {isa = PBXBuildFile; fileRef = 761DE288266A0761005D1E8C /* ViewController.m */; };
		761DE28C266A0761005D1E8C /* Main.storyboard in Resources */ = {isa = PBXBuildFile; fileRef = 761DE28A266A0761005D1E8C /* Main.storyboard */; };
		761DE28E266A0762005D1E8C /* Assets.xcassets in Resources */ = {isa = PBXBuildFile; fileRef = 761DE28D266A0762005D1E8C /* Assets.xcassets */; };
		761DE291266A0762005D1E8C /* LaunchScreen.storyboard in Resources */ = {isa = PBXBuildFile; fileRef = 761DE28F266A0762005D1E8C /* LaunchScreen.storyboard */; };
		761DE294266A0762005D1E8C /* main.m in Sources */ = {isa = PBXBuildFile; fileRef = 761DE293266A0762005D1E8C /* main.m */; };
		761DE29F266A078D005D1E8C /* CTModel.m in Sources */ = {isa = PBXBuildFile; fileRef = 761DE29E266A078D005D1E8C /* CTModel.m */; };
		761DE2A2266A079C005D1E8C /* CTView.m in Sources */ = {isa = PBXBuildFile; fileRef = 761DE2A1266A079C005D1E8C /* CTView.m */; };
		761DE2A5266A07B1005D1E8C /* CTPresenter.m in Sources */ = {isa = PBXBuildFile; fileRef = 761DE2A4266A07B1005D1E8C /* CTPresenter.m */; };
/* End PBXBuildFile section */

/* Begin PBXFileReference section */
		761DE27E266A0761005D1E8C /* MVPDemo.app */ = {isa = PBXFileReference; explicitFileType = wrapper.application; includeInIndex = 0; path = MVPDemo.app; sourceTree = BUILT_PRODUCTS_DIR; };
		761DE281266A0761005D1E8C /* AppDelegate.h */ = {isa = PBXFileReference; lastKnownFileType = sourcecode.c.h; path = AppDelegate.h; sourceTree = "<group>"; };
		761DE282266A0761005D1E8C /* AppDelegate.m */ = {isa = PBXFileReference; lastKnownFileType = sourcecode.c.objc; path = AppDelegate.m; sourceTree = "<group>"; };
		761DE284266A0761005D1E8C /* SceneDelegate.h */ = {isa = PBXFileReference; lastKnownFileType = sourcecode.c.h; path = SceneDelegate.h; sourceTree = "<group>"; };
		761DE285266A0761005D1E8C /* SceneDelegate.m */ = {isa = PBXFileReference; lastKnownFileType = sourcecode.c.objc; path = SceneDelegate.m; sourceTree = "<group>"; };
		761DE287266A0761005D1E8C /* ViewController.h */ = {isa = PBXFileReference; lastKnownFileType = sourcecode.c.h; path = ViewController.h; sourceTree = "<group>"; };
		761DE288266A0761005D1E8C /* ViewController.m */ = {isa = PBXFileReference; lastKnownFileType = sourcecode.c.objc; path = ViewController.m; sourceTree = "<group>"; };
		761DE28B266A0761005D1E8C /* Base */ = {isa = PBXFileReference; lastKnownFileType = file.storyboard; name = Base; path = Base.lproj/Main.storyboard; sourceTree = "<group>"; };
		761DE28D266A0762005D1E8C /* Assets.xcassets */ = {isa = PBXFileReference; lastKnownFileType = folder.assetcatalog; path = Assets.xcassets; sourceTree = "<group>"; };
		761DE290266A0762005D1E8C /* Base */ = {isa = PBXFileReference; lastKnownFileType = file.storyboard; name = Base; path = Base.lproj/LaunchScreen.storyboard; sourceTree = "<group>"; };
		761DE292266A0762005D1E8C /* Info.plist */ = {isa = PBXFileReference; lastKnownFileType = text.plist.xml; path = Info.plist; sourceTree = "<group>"; };
		761DE293266A0762005D1E8C /* main.m */ = {isa = PBXFileReference; lastKnownFileType = sourcecode.c.objc; path = main.m; sourceTree = "<group>"; };
		761DE29D266A078D005D1E8C /* CTModel.h */ = {isa = PBXFileReference; lastKnownFileType = sourcecode.c.h; path = CTModel.h; sourceTree = "<group>"; };
		761DE29E266A078D005D1E8C /* CTModel.m */ = {isa = PBXFileReference; lastKnownFileType = sourcecode.c.objc; path = CTModel.m; sourceTree = "<group>"; };
		761DE2A0266A079C005D1E8C /* CTView.h */ = {isa = PBXFileReference; lastKnownFileType = sourcecode.c.h; path = CTView.h; sourceTree = "<group>"; };
		761DE2A1266A079C005D1E8C /* CTView.m */ = {isa = PBXFileReference; lastKnownFileType = sourcecode.c.objc; path = CTView.m; sourceTree = "<group>"; };
		761DE2A3266A07B1005D1E8C /* CTPresenter.h */ = {isa = PBXFileReference; lastKnownFileType = sourcecode.c.h; path = CTPresenter.h; sourceTree = "<group>"; };
		761DE2A4266A07B1005D1E8C /* CTPresenter.m */ = {isa = PBXFileReference; lastKnownFileType = sourcecode.c.objc; path = CTPresenter.m; sourceTree = "<group>"; };
/* End PBXFileReference section */

/* Begin PBXFrameworksBuildPhase section */
		761DE27B266A0761005D1E8C /* Frameworks */ = {
			isa = PBXFrameworksBuildPhase;
			buildActionMask = 2147483647;
			files = (
			);
			runOnlyForDeploymentPostprocessing = 0;
		};
/* End PBXFrameworksBuildPhase section */

/* Begin PBXGroup section */
		761DE275266A0761005D1E8C = {
			isa = PBXGroup;
			children = (
				761DE280266A0761005D1E8C /* MVPDemo */,
				761DE27F266A0761005D1E8C /* Products */,
			);
			sourceTree = "<group>";
		};
		761DE27F266A0761005D1E8C /* Products */ = {
			isa = PBXGroup;
			children = (
				761DE27E266A0761005D1E8C /* MVPDemo.app */,
			);
			name = Products;
			sourceTree = "<group>";
		};
		761DE280266A0761005D1E8C /* MVPDemo */ = {
			isa = PBXGroup;
			children = (
				761DE29C266A0775005D1E8C /* Model */,
				761DE29B266A0771005D1E8C /* View */,
				761DE29A266A0768005D1E8C /* Presenter */,
				761DE281266A0761005D1E8C /* AppDelegate.h */,
				761DE282266A0761005D1E8C /* AppDelegate.m */,
				761DE284266A0761005D1E8C /* SceneDelegate.h */,
				761DE285266A0761005D1E8C /* SceneDelegate.m */,
				761DE28A266A0761005D1E8C /* Main.storyboard */,
				761DE28D266A0762005D1E8C /* Assets.xcassets */,
				761DE28F266A0762005D1E8C /* LaunchScreen.storyboard */,
				761DE292266A0762005D1E8C /* Info.plist */,
				761DE293266A0762005D1E8C /* main.m */,
			);
			path = MVPDemo;
			sourceTree = "<group>";
		};
		761DE29A266A0768005D1E8C /* Presenter */ = {
			isa = PBXGroup;
			children = (
				761DE287266A0761005D1E8C /* ViewController.h */,
				761DE288266A0761005D1E8C /* ViewController.m */,
				761DE2A3266A07B1005D1E8C /* CTPresenter.h */,
				761DE2A4266A07B1005D1E8C /* CTPresenter.m */,
			);
			path = Presenter;
			sourceTree = "<group>";
		};
		761DE29B266A0771005D1E8C /* View */ = {
			isa = PBXGroup;
			children = (
				761DE2A0266A079C005D1E8C /* CTView.h */,
				761DE2A1266A079C005D1E8C /* CTView.m */,
			);
			path = View;
			sourceTree = "<group>";
		};
		761DE29C266A0775005D1E8C /* Model */ = {
			isa = PBXGroup;
			children = (
				761DE29D266A078D005D1E8C /* CTModel.h */,
				761DE29E266A078D005D1E8C /* CTModel.m */,
			);
			path = Model;
			sourceTree = "<group>";
		};
/* End PBXGroup section */

/* Begin PBXNativeTarget section */
		761DE27D266A0761005D1E8C /* MVPDemo */ = {
			isa = PBXNativeTarget;
			buildConfigurationList = 761DE297266A0762005D1E8C /* Build configuration list for PBXNativeTarget "MVPDemo" */;
			buildPhases = (
				761DE27A266A0761005D1E8C /* Sources */,
				761DE27B266A0761005D1E8C /* Frameworks */,
				761DE27C266A0761005D1E8C /* Resources */,
			);
			buildRules = (
			);
			dependencies = (
			);
			name = MVPDemo;
			productName = MVPDemo;
			productReference = 761DE27E266A0761005D1E8C /* MVPDemo.app */;
			productType = "com.apple.product-type.application";
		};
/* End PBXNativeTarget section */

/* Begin PBXProject section */
		761DE276266A0761005D1E8C /* Project object */ = {
			isa = PBXProject;
			attributes = {
				LastUpgradeCheck = 1250;
				TargetAttributes = {
					761DE27D266A0761005D1E8C = {
						CreatedOnToolsVersion = 12.5;
					};
				};
			};
			buildConfigurationList = 761DE279266A0761005D1E8C /* Build configuration list for PBXProject "MVPDemo" */;
			compatibilityVersion = "Xcode 9.3";
			developmentRegion = en;
			hasScannedForEncodings = 0;
			knownRegions = (
				en,
				Base,
			);
			mainGroup = 761DE275266A0761005D1E8C;
			productRefGroup = 761DE27F266A0761005D1E8C /* Products */;
			projectDirPath = "";
			projectRoot = "";
			targets = (
				761DE27D266A0761005D1E8C /* MVPDemo */,
			);
		};
/* End PBXProject section */

/* Begin PBXResourcesBuildPhase section */
		761DE27C266A0761005D1E8C /* Resources */ = {
			isa = PBXResourcesBuildPhase;
			buildActionMask = 2147483647;
			files = (
				761DE291266A0762005D1E8C /* LaunchScreen.storyboard in Resources */,
				761DE28E266A0762005D1E8C /* Assets.xcassets in Resources */,
				761DE28C266A0761005D1E8C /* Main.storyboard in Resources */,
			);
			runOnlyForDeploymentPostprocessing = 0;
		};
/* End PBXResourcesBuildPhase section */

/* Begin PBXSourcesBuildPhase section */
		761DE27A266A0761005D1E8C /* Sources */ = {
			isa = PBXSourcesBuildPhase;
			buildActionMask = 2147483647;
			files = (
				761DE289266A0761005D1E8C /* ViewController.m in Sources */,
				761DE283266A0761005D1E8C /* AppDelegate.m in Sources */,
				761DE294266A0762005D1E8C /* main.m in Sources */,
				761DE286266A0761005D1E8C /* SceneDelegate.m in Sources */,
				761DE29F266A078D005D1E8C /* CTModel.m in Sources */,
				761DE2A2266A079C005D1E8C /* CTView.m in Sources */,
				761DE2A5266A07B1005D1E8C /* CTPresenter.m in Sources */,
			);
			runOnlyForDeploymentPostprocessing = 0;
		};
/* End PBXSourcesBuildPhase section */

/* Begin PBXVariantGroup section */
		761DE28A266A0761005D1E8C /* Main.storyboard */ = {
			isa = PBXVariantGroup;
			children = (
				761DE28B266A0761005D1E8C /* Base */,
			);
			name = Main.storyboard;
			sourceTree = "<group>";
		};
		761DE28F266A0762005D1E8C /* LaunchScreen.storyboard */ = {
			isa = PBXVariantGroup;
			children = (
				761DE290266A0762005D1E8C /* Base */,
			);
			name = LaunchScreen.storyboard;
			sourceTree = "<group>";
		};
/* End PBXVariantGroup section */

/* Begin XCBuildConfiguration section */
		761DE295266A0762005D1E8C /* Debug */ = {
			isa = XCBuildConfiguration;
			buildSettings = {
				ALWAYS_SEARCH_USER_PATHS = NO;
				CLANG_ANALYZER_NONNULL = YES;
				CLANG_ANALYZER_NUMBER_OBJECT_CONVERSION = YES_AGGRESSIVE;
				CLANG_CXX_LANGUAGE_STANDARD = "gnu++14";
				CLANG_CXX_LIBRARY = "libc++";
				CLANG_ENABLE_MODULES = YES;
				CLANG_ENABLE_OBJC_ARC = YES;
				CLANG_ENABLE_OBJC_WEAK = YES;
				CLANG_WARN_BLOCK_CAPTURE_AUTORELEASING = YES;
				CLANG_WARN_BOOL_CONVERSION = YES;
				CLANG_WARN_COMMA = YES;
				CLANG_WARN_CONSTANT_CONVERSION = YES;
				CLANG_WARN_DEPRECATED_OBJC_IMPLEMENTATIONS = YES;
				CLANG_WARN_DIRECT_OBJC_ISA_USAGE = YES_ERROR;
				CLANG_WARN_DOCUMENTATION_COMMENTS = YES;
				CLANG_WARN_EMPTY_BODY = YES;
				CLANG_WARN_ENUM_CONVERSION = YES;
				CLANG_WARN_INFINITE_RECURSION = YES;
				CLANG_WARN_INT_CONVERSION = YES;
				CLANG_WARN_NON_LITERAL_NULL_CONVERSION = YES;
				CLANG_WARN_OBJC_IMPLICIT_RETAIN_SELF = YES;
				CLANG_WARN_OBJC_LITERAL_CONVERSION = YES;
				CLANG_WARN_OBJC_ROOT_CLASS = YES_ERROR;
				CLANG_WARN_QUOTED_INCLUDE_IN_FRAMEWORK_HEADER = YES;
				CLANG_WARN_RANGE_LOOP_ANALYSIS = YES;
				CLANG_WARN_STRICT_PROTOTYPES = YES;
				CLANG_WARN_SUSPICIOUS_MOVE = YES;
				CLANG_WARN_UNGUARDED_AVAILABILITY = YES_AGGRESSIVE;
				CLANG_WARN_UNREACHABLE_CODE = YES;
				CLANG_WARN__DUPLICATE_METHOD_MATCH = YES;
				COPY_PHASE_STRIP = NO;
				DEBUG_INFORMATION_FORMAT = dwarf;
				ENABLE_STRICT_OBJC_MSGSEND = YES;
				ENABLE_TESTABILITY = YES;
				GCC_C_LANGUAGE_STANDARD = gnu11;
				GCC_DYNAMIC_NO_PIC = NO;
				GCC_NO_COMMON_BLOCKS = YES;
				GCC_OPTIMIZATION_LEVEL = 0;
				GCC_PREPROCESSOR_DEFINITIONS = (
					"DEBUG=1",
					"$(inherited)",
				);
				GCC_WARN_64_TO_32_BIT_CONVERSION = YES;
				GCC_WARN_ABOUT_RETURN_TYPE = YES_ERROR;
				GCC_WARN_UNDECLARED_SELECTOR = YES;
				GCC_WARN_UNINITIALIZED_AUTOS = YES_AGGRESSIVE;
				GCC_WARN_UNUSED_FUNCTION = YES;
				GCC_WARN_UNUSED_VARIABLE = YES;
				IPHONEOS_DEPLOYMENT_TARGET = 14.5;
				MTL_ENABLE_DEBUG_INFO = INCLUDE_SOURCE;
				MTL_FAST_MATH = YES;
				ONLY_ACTIVE_ARCH = YES;
				SDKROOT = iphoneos;
			};
			name = Debug;
		};
		761DE296266A0762005D1E8C /* Release */ = {
			isa = XCBuildConfiguration;
			buildSettings = {
				ALWAYS_SEARCH_USER_PATHS = NO;
				CLANG_ANALYZER_NONNULL = YES;
				CLANG_ANALYZER_NUMBER_OBJECT_CONVERSION = YES_AGGRESSIVE;
				CLANG_CXX_LANGUAGE_STANDARD = "gnu++14";
				CLANG_CXX_LIBRARY = "libc++";
				CLANG_ENABLE_MODULES = YES;
				CLANG_ENABLE_OBJC_ARC = YES;
				CLANG_ENABLE_OBJC_WEAK = YES;
				CLANG_WARN_BLOCK_CAPTURE_AUTORELEASING = YES;
				CLANG_WARN_BOOL_CONVERSION = YES;
				CLANG_WARN_COMMA = YES;
				CLANG_WARN_CONSTANT_CONVERSION = YES;
				CLANG_WARN_DEPRECATED_OBJC_IMPLEMENTATIONS = YES;
				CLANG_WARN_DIRECT_OBJC_ISA_USAGE = YES_ERROR;
				CLANG_WARN_DOCUMENTATION_COMMENTS = YES;
				CLANG_WARN_EMPTY_BODY = YES;
				CLANG_WARN_ENUM_CONVERSION = YES;
				CLANG_WARN_INFINITE_RECURSION = YES;
				CLANG_WARN_INT_CONVERSION = YES;
				CLANG_WARN_NON_LITERAL_NULL_CONVERSION = YES;
				CLANG_WARN_OBJC_IMPLICIT_RETAIN_SELF = YES;
				CLANG_WARN_OBJC_LITERAL_CONVERSION = YES;
				CLANG_WARN_OBJC_ROOT_CLASS = YES_ERROR;
				CLANG_WARN_QUOTED_INCLUDE_IN_FRAMEWORK_HEADER = YES;
				CLANG_WARN_RANGE_LOOP_ANALYSIS = YES;
				CLANG_WARN_STRICT_PROTOTYPES = YES;
				CLANG_WARN_SUSPICIOUS_MOVE = YES;
				CLANG_WARN_UNGUARDED_AVAILABILITY = YES_AGGRESSIVE;
				CLANG_WARN_UNREACHABLE_CODE = YES;
				CLANG_WARN__DUPLICATE_METHOD_MATCH = YES;
				COPY_PHASE_STRIP = NO;
				DEBUG_INFORMATION_FORMAT = "dwarf-with-dsym";
				ENABLE_NS_ASSERTIONS = NO;
				ENABLE_STRICT_OBJC_MSGSEND = YES;
				GCC_C_LANGUAGE_STANDARD = gnu11;
				GCC_NO_COMMON_BLOCKS = YES;
				GCC_WARN_64_TO_32_BIT_CONVERSION = YES;
				GCC_WARN_ABOUT_RETURN_TYPE = YES_ERROR;
				GCC_WARN_UNDECLARED_SELECTOR = YES;
				GCC_WARN_UNINITIALIZED_AUTOS = YES_AGGRESSIVE;
				GCC_WARN_UNUSED_FUNCTION = YES;
				GCC_WARN_UNUSED_VARIABLE = YES;
				IPHONEOS_DEPLOYMENT_TARGET = 14.5;
				MTL_ENABLE_DEBUG_INFO = NO;
				MTL_FAST_MATH = YES;
				SDKROOT = iphoneos;
				VALIDATE_PRODUCT = YES;
			};
			name = Release;
		};
		761DE298266A0762005D1E8C /* Debug */ = {
			isa = XCBuildConfiguration;
			buildSettings = {
				ASSETCATALOG_COMPILER_APPICON_NAME = AppIcon;
				ASSETCATALOG_COMPILER_GLOBAL_ACCENT_COLOR_NAME = AccentColor;
				CODE_SIGN_STYLE = Automatic;
				INFOPLIST_FILE = MVPDemo/Info.plist;
				LD_RUNPATH_SEARCH_PATHS = (
					"$(inherited)",
					"@executable_path/Frameworks",
				);
				PRODUCT_BUNDLE_IDENTIFIER = cct.com.MVPDemo;
				PRODUCT_NAME = "$(TARGET_NAME)";
				TARGETED_DEVICE_FAMILY = "1,2";
			};
			name = Debug;
		};
		761DE299266A0762005D1E8C /* Release */ = {
			isa = XCBuildConfiguration;
			buildSettings = {
				ASSETCATALOG_COMPILER_APPICON_NAME = AppIcon;
				ASSETCATALOG_COMPILER_GLOBAL_ACCENT_COLOR_NAME = AccentColor;
				CODE_SIGN_STYLE = Automatic;
				INFOPLIST_FILE = MVPDemo/Info.plist;
				LD_RUNPATH_SEARCH_PATHS = (
					"$(inherited)",
					"@executable_path/Frameworks",
				);
				PRODUCT_BUNDLE_IDENTIFIER = cct.com.MVPDemo;
				PRODUCT_NAME = "$(TARGET_NAME)";
				TARGETED_DEVICE_FAMILY = "1,2";
			};
			name = Release;
		};
/* End XCBuildConfiguration section */

/* Begin XCConfigurationList section */
		761DE279266A0761005D1E8C /* Build configuration list for PBXProject "MVPDemo" */ = {
			isa = XCConfigurationList;
			buildConfigurations = (
				761DE295266A0762005D1E8C /* Debug */,
				761DE296266A0762005D1E8C /* Release */,
			);
			defaultConfigurationIsVisible = 0;
			defaultConfigurationName = Release;
		};
		761DE297266A0762005D1E8C /* Build configuration list for PBXNativeTarget "MVPDemo" */ = {
			isa = XCConfigurationList;
			buildConfigurations = (
				761DE298266A0762005D1E8C /* Debug */,
				761DE299266A0762005D1E8C /* Release */,
			);
			defaultConfigurationIsVisible = 0;
			defaultConfigurationName = Release;
		};
/* End XCConfigurationList section */
	};
	rootObject = 761DE276266A0761005D1E8C /* Project object */;
}
